PODS:
  - Amplify (1.5.3):
    - Amplify/Default (= 1.5.3)
  - amplify_analytics_pinpoint (0.0.1):
    - Amplify
    - AmplifyPlugins/AWSPinpointAnalyticsPlugin
    - Flutter
  - amplify_auth_cognito (0.0.1):
    - Amplify
    - AmplifyPlugins/AWSCognitoAuthPlugin
    - Flutter
    - ObjectMapper
  - amplify_core (0.0.1):
    - Amplify
    - AmplifyPlugins/AWSAPIPlugin
    - AmplifyPlugins/AWSCognitoAuthPlugin
    - AWSPluginsCore
    - Flutter
  - AmplifyPlugins/AWSAPIPlugin (1.5.3):
    - AppSyncRealTimeClient (~> 1.4.0)
    - AWSCore (~> 2.22.0)
    - AWSPluginsCore (= 1.5.3)
  - AmplifyPlugins/AWSCognitoAuthPlugin (1.5.3):
    - AWSAuthCore (~> 2.22.0)
    - AWSCognitoIdentityProvider (~> 2.22.0)
    - AWSCognitoIdentityProviderASF (~> 2.22.0)
    - AWSCore (~> 2.22.0)
    - AWSMobileClient (~> 2.22.0)
    - AWSPluginsCore (= 1.5.3)
  - AmplifyPlugins/AWSPinpointAnalyticsPlugin (1.5.3):
    - AWSCore (~> 2.22.0)
    - AWSPinpoint (~> 2.22.0)
    - AWSPluginsCore (= 1.5.3)
  - AppSyncRealTimeClient (1.4.2):
    - Starscream (~> 3.1.0)
  - AWSAuthCore (2.22.0):
    - AWSCore (= 2.22.0)
  - AWSCognitoIdentityProvider (2.22.0):
    - AWSCognitoIdentityProviderASF (= 2.22.0)
    - AWSCore (= 2.22.0)
  - AWSCognitoIdentityProviderASF (2.22.0)
  - AWSCore (2.22.0)
  - AWSMobileClient (2.22.0):
    - AWSAuthCore (= 2.22.0)
    - AWSCognitoIdentityProvider (= 2.22.0)
    - AWSCognitoIdentityProviderASF (= 2.22.0)
    - AWSCore (= 2.22.0)
  - AWSPinpoint (2.22.0):
    - AWSCore (= 2.22.0)
  - AWSPluginsCore (1.5.3):
    - Amplify (= 1.5.3)
    - AWSCore (~> 2.22.0)
  - Flutter (1.0.0)
  - integration_test (0.0.1):
    - Flutter
  - ObjectMapper (4.2.0)
  - Starscream (3.1.1)

DEPENDENCIES:
  - amplify_analytics_pinpoint (from `.symlinks/plugins/amplify_analytics_pinpoint/ios`)
  - amplify_auth_cognito (from `.symlinks/plugins/amplify_auth_cognito/ios`)
  - amplify_core (from `.symlinks/plugins/amplify_core/ios`)
  - Flutter (from `Flutter`)
  - integration_test (from `.symlinks/plugins/integration_test/ios`)

SPEC REPOS:
  trunk:
    - Amplify
    - AmplifyPlugins
    - AppSyncRealTimeClient
    - AWSAuthCore
    - AWSCognitoIdentityProvider
    - AWSCognitoIdentityProviderASF
    - AWSCore
    - AWSMobileClient
    - AWSPinpoint
    - AWSPluginsCore
    - ObjectMapper
    - Starscream

EXTERNAL SOURCES:
  amplify_analytics_pinpoint:
    :path: ".symlinks/plugins/amplify_analytics_pinpoint/ios"
  amplify_auth_cognito:
    :path: ".symlinks/plugins/amplify_auth_cognito/ios"
  amplify_core:
    :path: ".symlinks/plugins/amplify_core/ios"
  Flutter:
    :path: Flutter
  integration_test:
    :path: ".symlinks/plugins/integration_test/ios"

SPEC CHECKSUMS:
  Amplify: 48c0d81972469bec6743685f1fae6e34b1ad29f9
  amplify_analytics_pinpoint: ed8e72e7c27d1ccd525eeba1b76c8b9487cb8ac7
  amplify_auth_cognito: 21e6e4acd861653d73875ee7d8ddce1a404e23cf
  amplify_core: 0423f1ba3b97affd7ce84dc02fae327ce9be8473
  AmplifyPlugins: fcbe0f03d980db2f31b7d5bcf580092dfe4931a3
  AppSyncRealTimeClient: 7fb160294d067b6c0c4b3c4ab91e953fd4cfba30
  AWSAuthCore: b54e2008da479e5a6ffdb6b482821d8f5a9afaa4
  AWSCognitoIdentityProvider: 32a91ad644e49e40235a408a8fbb96ea74891f19
  AWSCognitoIdentityProviderASF: 8b92721c17f2951ecd5bcfb749d5534f2851c2c7
  AWSCore: 8bd1def9cb0b6770c65b6d394f1c1cbc0a5562b7
  AWSMobileClient: bba690cc09c6569cc1111141beaa4e2f789f536b
  AWSPinpoint: b25b03fca987c4c5119e061dcd0f16ae40d9b504
  AWSPluginsCore: ccd588bdf701106f9ba6f255d95c43b84b7632a2
  Flutter: 434fef37c0980e73bb6479ef766c45957d4b510c
  integration_test: 6eb66a19f7104200dcfdd62bc0077e1b09686e4f
  ObjectMapper: 1eb41f610210777375fa806bf161dc39fb832b81
  Starscream: 4bb2f9942274833f7b4d296a55504dcfc7edb7b0

PODFILE CHECKSUM: a75497545d4391e2d394c3668e20cfb1c2bbd4aa

COCOAPODS: 1.10.1
